{
  "name": "lp-render",
  "version": "1.0.0",
  "lockfileVersion": 3,
  "requires": true,
  "packages": {
    "": {
      "name": "lp-render",
      "version": "1.0.0",
      "dependencies": {
        "@fontsource/noto-naskh-arabic": "^5.2.11",
        "@fontsource/noto-nastaliq-urdu": "^5.2.8",
        "@fontsource/noto-sans": "^5.2.10",
        "playwright-core": "^1.48.0"
      }
    },
    "node_modules/@fontsource/noto-naskh-arabic": {
      "version": "5.2.11",
      "resolved": "https://registry.npmjs.org/@fontsource/noto-naskh-arabic/-/noto-naskh-arabic-5.2.11.tgz",
      "integrity": "sha512-mi4QOG3EK+iho//vjB+13Ww4Oy1ulkgBgUuVpVZQBjBPkaMoHOJZBpSIZOXTzL7ZFTvMPzdSTvt0juE9NVl+PA==",
      "license": "OFL-1.1",
      "funding": {
        "url": "https://github.com/sponsors/ayuhito"
      }
    },
    "node_modules/@fontsource/noto-nastaliq-urdu": {
      "version": "5.2.8",
      "resolved": "https://registry.npmjs.org/@fontsource/noto-nastaliq-urdu/-/noto-nastaliq-urdu-5.2.8.tgz",
      "integrity": "sha512-Bgb/sxhDEU7zm5/9R+GL5BfMSifYhwnB0kQX9fBOPhzjprqrYcDJL/mLUe7ZcZz2H0KIVWZahIzlaovUaqEhDg==",
      "license": "OFL-1.1",
      "funding": {
        "url": "https://github.com/sponsors/ayuhito"
      }
    },
    "node_modules/@fontsource/noto-sans": {
      "version": "5.2.10",
      "resolved": "https://registry.npmjs.org/@fontsource/noto-sans/-/noto-sans-5.2.10.tgz",
      "integrity": "sha512-J58RVfS/C0Z2VBF+PoU260Tx8cdRGYuS+e3yQe4hYaIYDl0sEVn5CzlLo5zVRvQD0HaIUTV8AZMfqR7rtdEpqQ==",
      "license": "OFL-1.1",
      "funding": {
        "url": "https://github.com/sponsors/ayuhito"
      }
    },
    "node_modules/playwright-core": {
      "version": "1.61.1",
      "resolved": "https://registry.npmjs.org/playwright-core/-/playwright-core-1.61.1.tgz",
      "integrity": "sha512-h7Qlt6m4REp25qvIdvbDtVmD4LqVXfpRxhORv9L0jzETM05p4fuPJ3dKyuSXQxDSbXnmS79HAgi9589lGSpLkg==",
      "license": "Apache-2.0",
      "bin": {
        "playwright-core": "cli.js"
      },
      "engines": {
        "node": ">=18"
      }
    }
  }
}
